
Microsoft Visual Studio Solution File, Format Version 12.00
# Visual Studio Version 18
VisualStudioVersion = 18.2.11415.280 d18.0
MinimumVisualStudioVersion = 10.0.40219.1
Project("{F184B08F-C81C-45F6-A57F-5ABD9991F28F}") = "Woodworkers Friend", "Woodworkers Friend\Woodworkers Friend.vbproj", "{5407B0B9-FB65-4352-9121-C0FB93CF9936}"
EndProject
Project("{F184B08F-C81C-45F6-A57F-5ABD9991F28F}") = "Woodworkers Friend.Help", "Woodworkers Friend.Help\Woodworkers Friend.Help.vbproj", "{9029304A-2D42-4666-877B-C26371081D39}"
EndProject
Project("{2150E333-8FDC-42A3-9474-1A3956D46DE8}") = "Solution Items", "Solution Items", "{586756D8-606A-4ACA-B8D8-5D58432E5CD6}"
	ProjectSection(SolutionItems) = preProject
		..\..\Users\dmaid\Downloads\Ww_Friend_TODO.md = ..\..\Users\dmaid\Downloads\Ww_Friend_TODO.md
	EndProjectSection
EndProject
Global
	GlobalSection(SolutionConfigurationPlatforms) = preSolution
		Debug|Any CPU = Debug|Any CPU
		Debug|x64 = Debug|x64
		Debug|x86 = Debug|x86
		Release|Any CPU = Release|Any CPU
		Release|x64 = Release|x64
		Release|x86 = Release|x86
	EndGlobalSection
	GlobalSection(ProjectConfigurationPlatforms) = postSolution
		{5407B0B9-FB65-4352-9121-C0FB93CF9936}.Debug|Any CPU.ActiveCfg = Debug|Any CPU
		{5407B0B9-FB65-4352-9121-C0FB93CF9936}.Debug|Any CPU.Build.0 = Debug|Any CPU
		{5407B0B9-FB65-4352-9121-C0FB93CF9936}.Debug|x64.ActiveCfg = Debug|Any CPU
		{5407B0B9-FB65-4352-9121-C0FB93CF9936}.Debug|x64.Build.0 = Debug|Any CPU
		{5407B0B9-FB65-4352-9121-C0FB93CF9936}.Debug|x86.ActiveCfg = Debug|Any CPU
		{5407B0B9-FB65-4352-9121-C0FB93CF9936}.Debug|x86.Build.0 = Debug|Any CPU
		{5407B0B9-FB65-4352-9121-C0FB93CF9936}.Release|Any CPU.ActiveCfg = Release|Any CPU
		{5407B0B9-FB65-4352-9121-C0FB93CF9936}.Release|Any CPU.Build.0 = Release|Any CPU
		{5407B0B9-FB65-4352-9121-C0FB93CF9936}.Release|x64.ActiveCfg = Release|Any CPU
		{5407B0B9-FB65-4352-9121-C0FB93CF9936}.Release|x64.Build.0 = Release|Any CPU
		{5407B0B9-FB65-4352-9121-C0FB93CF9936}.Release|x86.ActiveCfg = Release|Any CPU
		{5407B0B9-FB65-4352-9121-C0FB93CF9936}.Release|x86.Build.0 = Release|Any CPU
		{9029304A-2D42-4666-877B-C26371081D39}.Debug|Any CPU.ActiveCfg = Debug|Any CPU
		{9029304A-2D42-4666-877B-C26371081D39}.Debug|Any CPU.Build.0 = Debug|Any CPU
		{9029304A-2D42-4666-877B-C26371081D39}.Debug|x64.ActiveCfg = Debug|Any CPU
		{9029304A-2D42-4666-877B-C26371081D39}.Debug|x64.Build.0 = Debug|Any CPU
		{9029304A-2D42-4666-877B-C26371081D39}.Debug|x86.ActiveCfg = Debug|Any CPU
		{9029304A-2D42-4666-877B-C26371081D39}.Debug|x86.Build.0 = Debug|Any CPU
		{9029304A-2D42-4666-877B-C26371081D39}.Release|Any CPU.ActiveCfg = Release|Any CPU
		{9029304A-2D42-4666-877B-C26371081D39}.Release|Any CPU.Build.0 = Release|Any CPU
		{9029304A-2D42-4666-877B-C26371081D39}.Release|x64.ActiveCfg = Release|Any CPU
		{9029304A-2D42-4666-877B-C26371081D39}.Release|x64.Build.0 = Release|Any CPU
		{9029304A-2D42-4666-877B-C26371081D39}.Release|x86.ActiveCfg = Release|Any CPU
		{9029304A-2D42-4666-877B-C26371081D39}.Release|x86.Build.0 = Release|Any CPU
	EndGlobalSection
	GlobalSection(SolutionProperties) = preSolution
		HideSolutionNode = FALSE
	EndGlobalSection
	GlobalSection(ExtensibilityGlobals) = postSolution
		SolutionGuid = {1DAF5316-B521-4539-973F-793569781554}
	EndGlobalSection
EndGlobal
